// !$*UTF8*$!
{
	archiveVersion = 1;
	classes = {
	};
	objectVersion = 46;
	objects = {

/* Begin PBXBuildFile section */
		F63521361D06C04700CC2679 /* BSDiff.m in Sources */ = {isa = PBXBuildFile; fileRef = F63521321D06C04700CC2679 /* BSDiff.m */; };
		F63521371D06C04700CC2679 /* bspatch.c in Sources */ = {isa = PBXBuildFile; fileRef = F63521341D06C04700CC2679 /* bspatch.c */; };
		F669DE9F1D0E754800C79FC4 /* XSYJSVersion.m in Sources */ = {isa = PBXBuildFile; fileRef = F669DE891D0D548A00C79FC4 /* XSYJSVersion.m */; };
		F669DEA01D0E755200C79FC4 /* XSYSandbox.m in Sources */ = {isa = PBXBuildFile; fileRef = F635213B1D06C05600CC2679 /* XSYSandbox.m */; };
		F669DEA11D0E756000C79FC4 /* XSYPatchCombine.m in Sources */ = {isa = PBXBuildFile; fileRef = F63521391D06C05600CC2679 /* XSYPatchCombine.m */; };
/* End PBXBuildFile section */

/* Begin PBXCopyFilesBuildPhase section */
		F63521221D06C03000CC2679 /* Copy Files */ = {
			isa = PBXCopyFilesBuildPhase;
			buildActionMask = 2147483647;
			dstPath = "include/$(PRODUCT_NAME)";
			dstSubfolderSpec = 16;
			files = (
			);
			name = "Copy Files";
			runOnlyForDeploymentPostprocessing = 0;
		};
/* End PBXCopyFilesBuildPhase section */

/* Begin PBXFileReference section */
		F63521241D06C03000CC2679 /* libXSYUpgrade.a */ = {isa = PBXFileReference; explicitFileType = archive.ar; includeInIndex = 0; path = libXSYUpgrade.a; sourceTree = BUILT_PRODUCTS_DIR; };
		F63521311D06C04700CC2679 /* BSDiff.h */ = {isa = PBXFileReference; fileEncoding = 4; lastKnownFileType = sourcecode.c.h; path = BSDiff.h; sourceTree = "<group>"; };
		F63521321D06C04700CC2679 /* BSDiff.m */ = {isa = PBXFileReference; fileEncoding = 4; lastKnownFileType = sourcecode.c.objc; path = BSDiff.m; sourceTree = "<group>"; };
		F63521341D06C04700CC2679 /* bspatch.c */ = {isa = PBXFileReference; fileEncoding = 4; lastKnownFileType = sourcecode.c.c; path = bspatch.c; sourceTree = "<group>"; };
		F63521351D06C04700CC2679 /* bspatch.h */ = {isa = PBXFileReference; fileEncoding = 4; lastKnownFileType = sourcecode.c.h; path = bspatch.h; sourceTree = "<group>"; };
		F63521381D06C05600CC2679 /* XSYPatchCombine.h */ = {isa = PBXFileReference; fileEncoding = 4; lastKnownFileType = sourcecode.c.h; path = XSYPatchCombine.h; sourceTree = "<group>"; };
		F63521391D06C05600CC2679 /* XSYPatchCombine.m */ = {isa = PBXFileReference; fileEncoding = 4; lastKnownFileType = sourcecode.c.objc; path = XSYPatchCombine.m; sourceTree = "<group>"; };
		F635213A1D06C05600CC2679 /* XSYSandbox.h */ = {isa = PBXFileReference; fileEncoding = 4; lastKnownFileType = sourcecode.c.h; path = XSYSandbox.h; sourceTree = "<group>"; };
		F635213B1D06C05600CC2679 /* XSYSandbox.m */ = {isa = PBXFileReference; fileEncoding = 4; lastKnownFileType = sourcecode.c.objc; path = XSYSandbox.m; sourceTree = "<group>"; };
		F669DE881D0D548A00C79FC4 /* XSYJSVersion.h */ = {isa = PBXFileReference; fileEncoding = 4; lastKnownFileType = sourcecode.c.h; path = XSYJSVersion.h; sourceTree = "<group>"; };
		F669DE891D0D548A00C79FC4 /* XSYJSVersion.m */ = {isa = PBXFileReference; fileEncoding = 4; lastKnownFileType = sourcecode.c.objc; path = XSYJSVersion.m; sourceTree = "<group>"; };
/* End PBXFileReference section */

/* Begin PBXFrameworksBuildPhase section */
		F63521211D06C03000CC2679 /* Frameworks */ = {
			isa = PBXFrameworksBuildPhase;
			buildActionMask = 2147483647;
			files = (
			);
			runOnlyForDeploymentPostprocessing = 0;
		};
/* End PBXFrameworksBuildPhase section */

/* Begin PBXGroup section */
		F635211B1D06C03000CC2679 = {
			isa = PBXGroup;
			children = (
				F63521261D06C03000CC2679 /* XSYUpgrade */,
				F63521251D06C03000CC2679 /* Products */,
			);
			sourceTree = "<group>";
		};
		F63521251D06C03000CC2679 /* Products */ = {
			isa = PBXGroup;
			children = (
				F63521241D06C03000CC2679 /* libXSYUpgrade.a */,
			);
			name = Products;
			sourceTree = "<group>";
		};
		F63521261D06C03000CC2679 /* XSYUpgrade */ = {
			isa = PBXGroup;
			children = (
				F63521301D06C04700CC2679 /* BSDiff */,
				F63521381D06C05600CC2679 /* XSYPatchCombine.h */,
				F63521391D06C05600CC2679 /* XSYPatchCombine.m */,
				F635213A1D06C05600CC2679 /* XSYSandbox.h */,
				F635213B1D06C05600CC2679 /* XSYSandbox.m */,
				F669DE881D0D548A00C79FC4 /* XSYJSVersion.h */,
				F669DE891D0D548A00C79FC4 /* XSYJSVersion.m */,
			);
			path = XSYUpgrade;
			sourceTree = "<group>";
		};
		F63521301D06C04700CC2679 /* BSDiff */ = {
			isa = PBXGroup;
			children = (
				F63521311D06C04700CC2679 /* BSDiff.h */,
				F63521321D06C04700CC2679 /* BSDiff.m */,
				F63521331D06C04700CC2679 /* bzip */,
			);
			path = BSDiff;
			sourceTree = "<group>";
		};
		F63521331D06C04700CC2679 /* bzip */ = {
			isa = PBXGroup;
			children = (
				F63521341D06C04700CC2679 /* bspatch.c */,
				F63521351D06C04700CC2679 /* bspatch.h */,
			);
			path = bzip;
			sourceTree = "<group>";
		};
/* End PBXGroup section */

/* Begin PBXNativeTarget section */
		F63521231D06C03000CC2679 /* XSYUpgrade */ = {
			isa = PBXNativeTarget;
			buildConfigurationList = F635212D1D06C03000CC2679 /* Build configuration list for PBXNativeTarget "XSYUpgrade" */;
			buildPhases = (
				F63521201D06C03000CC2679 /* Sources */,
				F63521211D06C03000CC2679 /* Frameworks */,
				F63521221D06C03000CC2679 /* Copy Files */,
			);
			buildRules = (
			);
			dependencies = (
			);
			name = XSYUpgrade;
			productName = XSYUpgrade;
			productReference = F63521241D06C03000CC2679 /* libXSYUpgrade.a */;
			productType = "com.apple.product-type.library.static";
		};
/* End PBXNativeTarget section */

/* Begin PBXProject section */
		F635211C1D06C03000CC2679 /* Project object */ = {
			isa = PBXProject;
			attributes = {
				LastUpgradeCheck = 0730;
				ORGANIZATIONNAME = purple;
				TargetAttributes = {
					F63521231D06C03000CC2679 = {
						CreatedOnToolsVersion = 7.3.1;
					};
				};
			};
			buildConfigurationList = F635211F1D06C03000CC2679 /* Build configuration list for PBXProject "XSYUpgrade" */;
			compatibilityVersion = "Xcode 3.2";
			developmentRegion = English;
			hasScannedForEncodings = 0;
			knownRegions = (
				en,
			);
			mainGroup = F635211B1D06C03000CC2679;
			productRefGroup = F63521251D06C03000CC2679 /* Products */;
			projectDirPath = "";
			projectRoot = "";
			targets = (
				F63521231D06C03000CC2679 /* XSYUpgrade */,
			);
		};
/* End PBXProject section */

/* Begin PBXSourcesBuildPhase section */
		F63521201D06C03000CC2679 /* Sources */ = {
			isa = PBXSourcesBuildPhase;
			buildActionMask = 2147483647;
			files = (
				F669DEA11D0E756000C79FC4 /* XSYPatchCombine.m in Sources */,
				F669DEA01D0E755200C79FC4 /* XSYSandbox.m in Sources */,
				F669DE9F1D0E754800C79FC4 /* XSYJSVersion.m in Sources */,
				F63521361D06C04700CC2679 /* BSDiff.m in Sources */,
				F63521371D06C04700CC2679 /* bspatch.c in Sources */,
			);
			runOnlyForDeploymentPostprocessing = 0;
		};
/* End PBXSourcesBuildPhase section */

/* Begin XCBuildConfiguration section */
		F635212B1D06C03000CC2679 /* Debug */ = {
			isa = XCBuildConfiguration;
			buildSettings = {
				ALWAYS_SEARCH_USER_PATHS = NO;
				CLANG_ANALYZER_NONNULL = YES;
				CLANG_CXX_LANGUAGE_STANDARD = "gnu++0x";
				CLANG_CXX_LIBRARY = "libc++";
				CLANG_ENABLE_MODULES = YES;
				CLANG_ENABLE_OBJC_ARC = YES;
				CLANG_WARN_BOOL_CONVERSION = YES;
				CLANG_WARN_CONSTANT_CONVERSION = YES;
				CLANG_WARN_DIRECT_OBJC_ISA_USAGE = YES_ERROR;
				CLANG_WARN_EMPTY_BODY = YES;
				CLANG_WARN_ENUM_CONVERSION = YES;
				CLANG_WARN_INT_CONVERSION = YES;
				CLANG_WARN_OBJC_ROOT_CLASS = YES_ERROR;
				CLANG_WARN_UNREACHABLE_CODE = YES;
				CLANG_WARN__DUPLICATE_METHOD_MATCH = YES;
				"CODE_SIGN_IDENTITY[sdk=iphoneos*]" = "iPhone Developer";
				COPY_PHASE_STRIP = NO;
				DEBUG_INFORMATION_FORMAT = dwarf;
				ENABLE_STRICT_OBJC_MSGSEND = YES;
				ENABLE_TESTABILITY = YES;
				GCC_C_LANGUAGE_STANDARD = gnu99;
				GCC_DYNAMIC_NO_PIC = NO;
				GCC_NO_COMMON_BLOCKS = YES;
				GCC_OPTIMIZATION_LEVEL = 0;
				GCC_PREPROCESSOR_DEFINITIONS = (
					"DEBUG=1",
					"$(inherited)",
				);
				GCC_WARN_64_TO_32_BIT_CONVERSION = YES;
				GCC_WARN_ABOUT_RETURN_TYPE = YES_ERROR;
				GCC_WARN_UNDECLARED_SELECTOR = YES;
				GCC_WARN_UNINITIALIZED_AUTOS = YES_AGGRESSIVE;
				GCC_WARN_UNUSED_FUNCTION = YES;
				GCC_WARN_UNUSED_VARIABLE = YES;
				IPHONEOS_DEPLOYMENT_TARGET = 9.3;
				MTL_ENABLE_DEBUG_INFO = YES;
				ONLY_ACTIVE_ARCH = YES;
				SDKROOT = iphoneos;
			};
			name = Debug;
		};
		F635212C1D06C03000CC2679 /* Release */ = {
			isa = XCBuildConfiguration;
			buildSettings = {
				ALWAYS_SEARCH_USER_PATHS = NO;
				CLANG_ANALYZER_NONNULL = YES;
				CLANG_CXX_LANGUAGE_STANDARD = "gnu++0x";
				CLANG_CXX_LIBRARY = "libc++";
				CLANG_ENABLE_MODULES = YES;
				CLANG_ENABLE_OBJC_ARC = YES;
				CLANG_WARN_BOOL_CONVERSION = YES;
				CLANG_WARN_CONSTANT_CONVERSION = YES;
				CLANG_WARN_DIRECT_OBJC_ISA_USAGE = YES_ERROR;
				CLANG_WARN_EMPTY_BODY = YES;
				CLANG_WARN_ENUM_CONVERSION = YES;
				CLANG_WARN_INT_CONVERSION = YES;
				CLANG_WARN_OBJC_ROOT_CLASS = YES_ERROR;
				CLANG_WARN_UNREACHABLE_CODE = YES;
				CLANG_WARN__DUPLICATE_METHOD_MATCH = YES;
				"CODE_SIGN_IDENTITY[sdk=iphoneos*]" = "iPhone Developer";
				COPY_PHASE_STRIP = NO;
				DEBUG_INFORMATION_FORMAT = "dwarf-with-dsym";
				ENABLE_NS_ASSERTIONS = NO;
				ENABLE_STRICT_OBJC_MSGSEND = YES;
				GCC_C_LANGUAGE_STANDARD = gnu99;
				GCC_NO_COMMON_BLOCKS = YES;
				GCC_WARN_64_TO_32_BIT_CONVERSION = YES;
				GCC_WARN_ABOUT_RETURN_TYPE = YES_ERROR;
				GCC_WARN_UNDECLARED_SELECTOR = YES;
				GCC_WARN_UNINITIALIZED_AUTOS = YES_AGGRESSIVE;
				GCC_WARN_UNUSED_FUNCTION = YES;
				GCC_WARN_UNUSED_VARIABLE = YES;
				IPHONEOS_DEPLOYMENT_TARGET = 9.3;
				MTL_ENABLE_DEBUG_INFO = NO;
				SDKROOT = iphoneos;
				VALIDATE_PRODUCT = YES;
			};
			name = Release;
		};
		F635212E1D06C03000CC2679 /* Debug */ = {
			isa = XCBuildConfiguration;
			buildSettings = {
				HEADER_SEARCH_PATHS = (
					"$(inherited)",
					"$(SRCROOT)/../../React/**",
				);
				IPHONEOS_DEPLOYMENT_TARGET = 8.0;
				OTHER_LDFLAGS = "-ObjC";
				PRODUCT_NAME = "$(TARGET_NAME)";
				SKIP_INSTALL = YES;
			};
			name = Debug;
		};
		F635212F1D06C03000CC2679 /* Release */ = {
			isa = XCBuildConfiguration;
			buildSettings = {
				HEADER_SEARCH_PATHS = (
					"$(inherited)",
					"$(SRCROOT)/../../React/**",
				);
				IPHONEOS_DEPLOYMENT_TARGET = 8.0;
				OTHER_LDFLAGS = "-ObjC";
				PRODUCT_NAME = "$(TARGET_NAME)";
				SKIP_INSTALL = YES;
			};
			name = Release;
		};
/* End XCBuildConfiguration section */

/* Begin XCConfigurationList section */
		F635211F1D06C03000CC2679 /* Build configuration list for PBXProject "XSYUpgrade" */ = {
			isa = XCConfigurationList;
			buildConfigurations = (
				F635212B1D06C03000CC2679 /* Debug */,
				F635212C1D06C03000CC2679 /* Release */,
			);
			defaultConfigurationIsVisible = 0;
			defaultConfigurationName = Release;
		};
		F635212D1D06C03000CC2679 /* Build configuration list for PBXNativeTarget "XSYUpgrade" */ = {
			isa = XCConfigurationList;
			buildConfigurations = (
				F635212E1D06C03000CC2679 /* Debug */,
				F635212F1D06C03000CC2679 /* Release */,
			);
			defaultConfigurationIsVisible = 0;
			defaultConfigurationName = Release;
		};
/* End XCConfigurationList section */
	};
	rootObject = F635211C1D06C03000CC2679 /* Project object */;
}
